
Microsoft Visual Studio Solution File, Format Version 12.00
# Visual Studio Version 17
VisualStudioVersion = 17.11.35219.272
MinimumVisualStudioVersion = 10.0.40219.1
Project("{9A19103F-16F7-4668-BE54-9A1E7A4F7556}") = "Chat_Api", "Chat_Api\Chat_Api.csproj", "{C8BE794D-49DE-43FF-AB6E-3C2D447808DD}"
	ProjectSection(ProjectDependencies) = postProject
		{4914C58B-AF74-497B-85B3-11E96CC9444A} = {4914C58B-AF74-497B-85B3-11E96CC9444A}
		{CBAD4F90-312A-48F0-AF3C-448155EF99B8} = {CBAD4F90-312A-48F0-AF3C-448155EF99B8}
	EndProjectSection
EndProject
Project("{9A19103F-16F7-4668-BE54-9A1E7A4F7556}") = "Chat_Db", "Chat_Db\Chat_Db.csproj", "{4914C58B-AF74-497B-85B3-11E96CC9444A}"
EndProject
Project("{9A19103F-16F7-4668-BE54-9A1E7A4F7556}") = "Chat_Modelos", "Chat_Modelos\Chat_Modelos.csproj", "{CBAD4F90-312A-48F0-AF3C-448155EF99B8}"
EndProject
Global
	GlobalSection(SolutionConfigurationPlatforms) = preSolution
		Debug|Any CPU = Debug|Any CPU
		Release|Any CPU = Release|Any CPU
	EndGlobalSection
	GlobalSection(ProjectConfigurationPlatforms) = postSolution
		{C8BE794D-49DE-43FF-AB6E-3C2D447808DD}.Debug|Any CPU.ActiveCfg = Debug|Any CPU
		{C8BE794D-49DE-43FF-AB6E-3C2D447808DD}.Debug|Any CPU.Build.0 = Debug|Any CPU
		{C8BE794D-49DE-43FF-AB6E-3C2D447808DD}.Release|Any CPU.ActiveCfg = Release|Any CPU
		{C8BE794D-49DE-43FF-AB6E-3C2D447808DD}.Release|Any CPU.Build.0 = Release|Any CPU
		{4914C58B-AF74-497B-85B3-11E96CC9444A}.Debug|Any CPU.ActiveCfg = Debug|Any CPU
		{4914C58B-AF74-497B-85B3-11E96CC9444A}.Debug|Any CPU.Build.0 = Debug|Any CPU
		{4914C58B-AF74-497B-85B3-11E96CC9444A}.Release|Any CPU.ActiveCfg = Release|Any CPU
		{4914C58B-AF74-497B-85B3-11E96CC9444A}.Release|Any CPU.Build.0 = Release|Any CPU
		{CBAD4F90-312A-48F0-AF3C-448155EF99B8}.Debug|Any CPU.ActiveCfg = Debug|Any CPU
		{CBAD4F90-312A-48F0-AF3C-448155EF99B8}.Debug|Any CPU.Build.0 = Debug|Any CPU
		{CBAD4F90-312A-48F0-AF3C-448155EF99B8}.Release|Any CPU.ActiveCfg = Release|Any CPU
		{CBAD4F90-312A-48F0-AF3C-448155EF99B8}.Release|Any CPU.Build.0 = Release|Any CPU
	EndGlobalSection
	GlobalSection(SolutionProperties) = preSolution
		HideSolutionNode = FALSE
	EndGlobalSection
	GlobalSection(ExtensibilityGlobals) = postSolution
		SolutionGuid = {0E4481D8-642C-4EC1-9E04-F10472A69B5C}
	EndGlobalSection
EndGlobal
